{
    "_readme": [
        "This file locks the dependencies of your project to a known state",
        "Read more about it at https://getcomposer.org/doc/01-basic-usage.md#installing-dependencies",
        "This file is @generated automatically"
    ],
    "content-hash": "50e86c67a572f4021a9fc3f72dcc4e75",
    "packages": [
        {
            "name": "jaybizzle/crawler-detect",
            "version": "v1.2.106",
            "source": {
                "type": "git",
                "url": "https://github.com/JayBizzle/Crawler-Detect.git",
                "reference": "78bf6792cbf9c569dc0bf2465481978fd2ed0de9"
            },
            "dist": {
                "type": "zip",
                "url": "https://api.github.com/repos/JayBizzle/Crawler-Detect/zipball/78bf6792cbf9c569dc0bf2465481978fd2ed0de9",
                "reference": "78bf6792cbf9c569dc0bf2465481978fd2ed0de9",
                "shasum": ""
            },
            "require": {
                "php": ">=5.3.0"
            },
            "require-dev": {
                "phpunit/phpunit": "^4.8|^5.5|^6.5|^9.4"
            },
            "type": "library",
            "autoload": {
                "psr-4": {
                    "Jaybizzle\\CrawlerDetect\\": "src/"
                }
            },
            "notification-url": "https://packagist.org/downloads/",
            "license": [
                "MIT"
            ],
            "authors": [
                {
                    "name": "Mark Beech",
                    "email": "m@rkbee.ch",
                    "role": "Developer"
                }
            ],
            "description": "CrawlerDetect is a PHP class for detecting bots/crawlers/spiders via the user agent",
            "homepage": "https://github.com/JayBizzle/Crawler-Detect/",
            "keywords": [
                "crawler",
                "crawler detect",
                "crawler detector",
                "crawlerdetect",
                "php crawler detect"
            ],
            "support": {
                "issues": "https://github.com/JayBizzle/Crawler-Detect/issues",
                "source": "https://github.com/JayBizzle/Crawler-Detect/tree/v1.2.106"
            },
            "time": "2021-05-24T20:30:32+00:00"
        },
        {
            "name": "jenssegers/agent",
            "version": "v2.6.4",
            "source": {
                "type": "git",
                "url": "https://github.com/jenssegers/agent.git",
                "reference": "daa11c43729510b3700bc34d414664966b03bffe"
            },
            "dist": {
                "type": "zip",
                "url": "https://api.github.com/repos/jenssegers/agent/zipball/daa11c43729510b3700bc34d414664966b03bffe",
                "reference": "daa11c43729510b3700bc34d414664966b03bffe",
                "shasum": ""
            },
            "require": {
                "jaybizzle/crawler-detect": "^1.2",
                "mobiledetect/mobiledetectlib": "^2.7.6",
                "php": ">=5.6"
            },
            "require-dev": {
                "php-coveralls/php-coveralls": "^2.1",
                "phpunit/phpunit": "^5.0|^6.0|^7.0"
            },
            "suggest": {
                "illuminate/support": "Required for laravel service providers"
            },
            "type": "library",
            "extra": {
                "branch-alias": {
                    "dev-master": "3.0-dev"
                },
                "laravel": {
                    "providers": [
                        "Jenssegers\\Agent\\AgentServiceProvider"
                    ],
                    "aliases": {
                        "Agent": "Jenssegers\\Agent\\Facades\\Agent"
                    }
                }
            },
            "autoload": {
                "psr-4": {
                    "Jenssegers\\Agent\\": "src/"
                }
            },
            "notification-url": "https://packagist.org/downloads/",
            "license": [
                "MIT"
            ],
            "authors": [
                {
                    "name": "Jens Segers",
                    "homepage": "https://jenssegers.com"
                }
            ],
            "description": "Desktop/mobile user agent parser with support for Laravel, based on Mobiledetect",
            "homepage": "https://github.com/jenssegers/agent",
            "keywords": [
                "Agent",
                "browser",
                "desktop",
                "laravel",
                "mobile",
                "platform",
                "user agent",
                "useragent"
            ],
            "support": {
                "issues": "https://github.com/jenssegers/agent/issues",
                "source": "https://github.com/jenssegers/agent/tree/v2.6.4"
            },
            "funding": [
                {
                    "url": "https://github.com/jenssegers",
                    "type": "github"
                },
                {
                    "url": "https://tidelift.com/funding/github/packagist/jenssegers/agent",
                    "type": "tidelift"
                }
            ],
            "time": "2020-06-13T08:05:20+00:00"
        },
        {
            "name": "mmdm/sim-cookie",
            "version": "v3.0.0",
            "source": {
                "type": "git",
                "url": "https://github.com/mmdm95/sim-cookie.git",
                "reference": "361340bbcd75941f47b082bf8399bfa7de0a88ea"
            },
            "dist": {
                "type": "zip",
                "url": "https://api.github.com/repos/mmdm95/sim-cookie/zipball/361340bbcd75941f47b082bf8399bfa7de0a88ea",
                "reference": "361340bbcd75941f47b082bf8399bfa7de0a88ea",
                "shasum": ""
            },
            "require": {
                "ext-json": "*",
                "mmdm/sim-crypt": "^1.0",
                "php": ">=7.2"
            },
            "type": "library",
            "autoload": {
                "psr-4": {
                    "Sim\\Cookie\\": "src/",
                    "Sim\\Cookie\\Tests\\": "Tests/"
                }
            },
            "notification-url": "https://packagist.org/downloads/",
            "license": [
                "MIT"
            ],
            "authors": [
                {
                    "name": "MMDM",
                    "email": "mmdehghan95@gmail.com"
                }
            ],
            "description": "A simple yet nice cookie management library",
            "support": {
                "issues": "https://github.com/mmdm95/sim-cookie/issues",
                "source": "https://github.com/mmdm95/sim-cookie/tree/v3.0.0"
            },
            "time": "2021-09-12T19:44:25+00:00"
        },
        {
            "name": "mmdm/sim-crypt",
            "version": "v1.1.2",
            "source": {
                "type": "git",
                "url": "https://github.com/mmdm95/sim-crypt.git",
                "reference": "f83132d310abf84e9d7e3fe8c7dd35083ffccde6"
            },
            "dist": {
                "type": "zip",
                "url": "https://api.github.com/repos/mmdm95/sim-crypt/zipball/f83132d310abf84e9d7e3fe8c7dd35083ffccde6",
                "reference": "f83132d310abf84e9d7e3fe8c7dd35083ffccde6",
                "shasum": ""
            },
            "require": {
                "ext-openssl": "*",
                "php": ">=7.2"
            },
            "type": "library",
            "autoload": {
                "psr-4": {
                    "Sim\\Crypt\\": "src/"
                }
            },
            "notification-url": "https://packagist.org/downloads/",
            "license": [
                "MIT"
            ],
            "authors": [
                {
                    "name": "MMDM",
                    "email": "mmdehghan95@gmail.com"
                }
            ],
            "description": "A simple yet nice encryption/decryption library",
            "support": {
                "issues": "https://github.com/mmdm95/sim-crypt/issues",
                "source": "https://github.com/mmdm95/sim-crypt/tree/v1.1.2"
            },
            "time": "2021-04-04T05:50:19+00:00"
        },
        {
            "name": "mmdm/sim-session",
            "version": "v1.1.2",
            "source": {
                "type": "git",
                "url": "https://github.com/mmdm95/sim-session.git",
                "reference": "ff24cb64e47d1c94cc0140f61c962dfdacbf8325"
            },
            "dist": {
                "type": "zip",
                "url": "https://api.github.com/repos/mmdm95/sim-session/zipball/ff24cb64e47d1c94cc0140f61c962dfdacbf8325",
                "reference": "ff24cb64e47d1c94cc0140f61c962dfdacbf8325",
                "shasum": ""
            },
            "require": {
                "ext-json": "*",
                "mmdm/sim-crypt": "^1.0",
                "php": ">=7.2"
            },
            "type": "library",
            "autoload": {
                "psr-4": {
                    "Sim\\Session\\": "src/"
                }
            },
            "notification-url": "https://packagist.org/downloads/",
            "license": [
                "MIT"
            ],
            "authors": [
                {
                    "name": "MMDM",
                    "email": "mmdehghan95@gmail.com"
                }
            ],
            "description": "A simple yet nice session management library",
            "support": {
                "issues": "https://github.com/mmdm95/sim-session/issues",
                "source": "https://github.com/mmdm95/sim-session/tree/v1.1.2"
            },
            "time": "2021-04-03T08:29:02+00:00"
        },
        {
            "name": "mobiledetect/mobiledetectlib",
            "version": "2.8.37",
            "source": {
                "type": "git",
                "url": "https://github.com/serbanghita/Mobile-Detect.git",
                "reference": "9841e3c46f5bd0739b53aed8ac677fa712943df7"
            },
            "dist": {
                "type": "zip",
                "url": "https://api.github.com/repos/serbanghita/Mobile-Detect/zipball/9841e3c46f5bd0739b53aed8ac677fa712943df7",
                "reference": "9841e3c46f5bd0739b53aed8ac677fa712943df7",
                "shasum": ""
            },
            "require": {
                "php": ">=5.0.0"
            },
            "require-dev": {
                "phpunit/phpunit": "~4.8.35||~5.7"
            },
            "type": "library",
            "autoload": {
                "classmap": [
                    "Mobile_Detect.php"
                ],
                "psr-0": {
                    "Detection": "namespaced/"
                }
            },
            "notification-url": "https://packagist.org/downloads/",
            "license": [
                "MIT"
            ],
            "authors": [
                {
                    "name": "Serban Ghita",
                    "email": "serbanghita@gmail.com",
                    "homepage": "http://mobiledetect.net",
                    "role": "Developer"
                }
            ],
            "description": "Mobile_Detect is a lightweight PHP class for detecting mobile devices. It uses the User-Agent string combined with specific HTTP headers to detect the mobile environment.",
            "homepage": "https://github.com/serbanghita/Mobile-Detect",
            "keywords": [
                "detect mobile devices",
                "mobile",
                "mobile detect",
                "mobile detector",
                "php mobile detect"
            ],
            "support": {
                "issues": "https://github.com/serbanghita/Mobile-Detect/issues",
                "source": "https://github.com/serbanghita/Mobile-Detect/tree/2.8.37"
            },
            "funding": [
                {
                    "url": "https://github.com/serbanghita",
                    "type": "github"
                }
            ],
            "time": "2021-02-19T21:22:57+00:00"
        }
    ],
    "packages-dev": [],
    "aliases": [],
    "minimum-stability": "stable",
    "stability-flags": [],
    "prefer-stable": false,
    "prefer-lowest": false,
    "platform": {
        "php": ">=7.2",
        "ext-pdo": "*",
        "ext-json": "*",
        "ext-openssl": "*"
    },
    "platform-dev": [],
    "plugin-api-version": "2.0.0"
}
